// !$*UTF8*$!
{
	archiveVersion = 1;
	classes = {
	};
	objectVersion = 50;
	objects = {

/* Begin PBXBuildFile section */
		3B004103211B81DB0071C859 /* AppDelegate.swift in Sources */ = {isa = PBXBuildFile; fileRef = 3B004102211B81DB0071C859 /* AppDelegate.swift */; };
		3B004105211B81DB0071C859 /* ViewController.swift in Sources */ = {isa = PBXBuildFile; fileRef = 3B004104211B81DB0071C859 /* ViewController.swift */; };
		3B004108211B81DB0071C859 /* Main.storyboard in Resources */ = {isa = PBXBuildFile; fileRef = 3B004106211B81DB0071C859 /* Main.storyboard */; };
		3B00410A211B81DC0071C859 /* Assets.xcassets in Resources */ = {isa = PBXBuildFile; fileRef = 3B004109211B81DC0071C859 /* Assets.xcassets */; };
		3B00410D211B81DC0071C859 /* LaunchScreen.storyboard in Resources */ = {isa = PBXBuildFile; fileRef = 3B00410B211B81DC0071C859 /* LaunchScreen.storyboard */; };
		3B004117211BD6720071C859 /* TestAnalyticsProvider.swift in Sources */ = {isa = PBXBuildFile; fileRef = 3B004116211BD6720071C859 /* TestAnalyticsProvider.swift */; };
		F6624B237CE561ABBF1DF40E /* Pods_ZappAnalyticsPluginExample_iOS.framework in Frameworks */ = {isa = PBXBuildFile; fileRef = 269B5A57353B83E635DCE043 /* Pods_ZappAnalyticsPluginExample_iOS.framework */; };
/* End PBXBuildFile section */

/* Begin PBXFileReference section */
		21EBB405B22B3C74D2A9F4B3 /* Pods-ZappAnalyticsPluginExample-iOS.release.xcconfig */ = {isa = PBXFileReference; includeInIndex = 1; lastKnownFileType = text.xcconfig; name = "Pods-ZappAnalyticsPluginExample-iOS.release.xcconfig"; path = "Pods/Target Support Files/Pods-ZappAnalyticsPluginExample-iOS/Pods-ZappAnalyticsPluginExample-iOS.release.xcconfig"; sourceTree = "<group>"; };
		269B5A57353B83E635DCE043 /* Pods_ZappAnalyticsPluginExample_iOS.framework */ = {isa = PBXFileReference; explicitFileType = wrapper.framework; includeInIndex = 0; path = Pods_ZappAnalyticsPluginExample_iOS.framework; sourceTree = BUILT_PRODUCTS_DIR; };
		3B0040FF211B81DB0071C859 /* ZappAnalyticsPluginExample-iOS.app */ = {isa = PBXFileReference; explicitFileType = wrapper.application; includeInIndex = 0; path = "ZappAnalyticsPluginExample-iOS.app"; sourceTree = BUILT_PRODUCTS_DIR; };
		3B004102211B81DB0071C859 /* AppDelegate.swift */ = {isa = PBXFileReference; lastKnownFileType = sourcecode.swift; path = AppDelegate.swift; sourceTree = "<group>"; };
		3B004104211B81DB0071C859 /* ViewController.swift */ = {isa = PBXFileReference; lastKnownFileType = sourcecode.swift; path = ViewController.swift; sourceTree = "<group>"; };
		3B004107211B81DB0071C859 /* Base */ = {isa = PBXFileReference; lastKnownFileType = file.storyboard; name = Base; path = Base.lproj/Main.storyboard; sourceTree = "<group>"; };
		3B004109211B81DC0071C859 /* Assets.xcassets */ = {isa = PBXFileReference; lastKnownFileType = folder.assetcatalog; path = Assets.xcassets; sourceTree = "<group>"; };
		3B00410C211B81DC0071C859 /* Base */ = {isa = PBXFileReference; lastKnownFileType = file.storyboard; name = Base; path = Base.lproj/LaunchScreen.storyboard; sourceTree = "<group>"; };
		3B00410E211B81DC0071C859 /* Info.plist */ = {isa = PBXFileReference; lastKnownFileType = text.plist.xml; path = Info.plist; sourceTree = "<group>"; };
		3B004116211BD6720071C859 /* TestAnalyticsProvider.swift */ = {isa = PBXFileReference; lastKnownFileType = sourcecode.swift; path = TestAnalyticsProvider.swift; sourceTree = "<group>"; };
		3B004119211BD9A80071C859 /* ZappAnalyticsPluginExample-iOS-Bridging-Header.h */ = {isa = PBXFileReference; lastKnownFileType = sourcecode.c.h; path = "ZappAnalyticsPluginExample-iOS-Bridging-Header.h"; sourceTree = "<group>"; };
		BBC0F465213D394000170783 /* README.md */ = {isa = PBXFileReference; lastKnownFileType = net.daringfireball.markdown; path = README.md; sourceTree = SOURCE_ROOT; };
		E6FA73731C29202689C02A43 /* Pods-ZappAnalyticsPluginExample-iOS.debug.xcconfig */ = {isa = PBXFileReference; includeInIndex = 1; lastKnownFileType = text.xcconfig; name = "Pods-ZappAnalyticsPluginExample-iOS.debug.xcconfig"; path = "Pods/Target Support Files/Pods-ZappAnalyticsPluginExample-iOS/Pods-ZappAnalyticsPluginExample-iOS.debug.xcconfig"; sourceTree = "<group>"; };
/* End PBXFileReference section */

/* Begin PBXFrameworksBuildPhase section */
		3B0040FC211B81DB0071C859 /* Frameworks */ = {
			isa = PBXFrameworksBuildPhase;
			buildActionMask = 2147483647;
			files = (
				F6624B237CE561ABBF1DF40E /* Pods_ZappAnalyticsPluginExample_iOS.framework in Frameworks */,
			);
			runOnlyForDeploymentPostprocessing = 0;
		};
/* End PBXFrameworksBuildPhase section */

/* Begin PBXGroup section */
		27C721EB11B5734449B8891E /* Pods */ = {
			isa = PBXGroup;
			children = (
				E6FA73731C29202689C02A43 /* Pods-ZappAnalyticsPluginExample-iOS.debug.xcconfig */,
				21EBB405B22B3C74D2A9F4B3 /* Pods-ZappAnalyticsPluginExample-iOS.release.xcconfig */,
			);
			name = Pods;
			sourceTree = "<group>";
		};
		3B0040F6211B81DB0071C859 = {
			isa = PBXGroup;
			children = (
				3B004101211B81DB0071C859 /* ZappAnalyticsPluginExample-iOS */,
				3B004100211B81DB0071C859 /* Products */,
				27C721EB11B5734449B8891E /* Pods */,
				87DC0FB8CF240B81D2A22E9B /* Frameworks */,
			);
			sourceTree = "<group>";
		};
		3B004100211B81DB0071C859 /* Products */ = {
			isa = PBXGroup;
			children = (
				3B0040FF211B81DB0071C859 /* ZappAnalyticsPluginExample-iOS.app */,
			);
			name = Products;
			sourceTree = "<group>";
		};
		3B004101211B81DB0071C859 /* ZappAnalyticsPluginExample-iOS */ = {
			isa = PBXGroup;
			children = (
				BBC0F465213D394000170783 /* README.md */,
				3B004102211B81DB0071C859 /* AppDelegate.swift */,
				3B004104211B81DB0071C859 /* ViewController.swift */,
				3B004116211BD6720071C859 /* TestAnalyticsProvider.swift */,
				3B004119211BD9A80071C859 /* ZappAnalyticsPluginExample-iOS-Bridging-Header.h */,
				3B004106211B81DB0071C859 /* Main.storyboard */,
				3B004109211B81DC0071C859 /* Assets.xcassets */,
				3B00410B211B81DC0071C859 /* LaunchScreen.storyboard */,
				3B00410E211B81DC0071C859 /* Info.plist */,
			);
			path = "ZappAnalyticsPluginExample-iOS";
			sourceTree = "<group>";
		};
		87DC0FB8CF240B81D2A22E9B /* Frameworks */ = {
			isa = PBXGroup;
			children = (
				269B5A57353B83E635DCE043 /* Pods_ZappAnalyticsPluginExample_iOS.framework */,
			);
			name = Frameworks;
			sourceTree = "<group>";
		};
/* End PBXGroup section */

/* Begin PBXNativeTarget section */
		3B0040FE211B81DB0071C859 /* ZappAnalyticsPluginExample-iOS */ = {
			isa = PBXNativeTarget;
			buildConfigurationList = 3B004111211B81DC0071C859 /* Build configuration list for PBXNativeTarget "ZappAnalyticsPluginExample-iOS" */;
			buildPhases = (
				8318EDD72A50028633F53F62 /* [CP] Check Pods Manifest.lock */,
				3B0040FB211B81DB0071C859 /* Sources */,
				3B0040FC211B81DB0071C859 /* Frameworks */,
				3B0040FD211B81DB0071C859 /* Resources */,
				7A7F8FCCC71D5E04AD614B86 /* [CP] Embed Pods Frameworks */,
				C03B817F85E742078F217D35 /* [CP] Copy Pods Resources */,
			);
			buildRules = (
			);
			dependencies = (
			);
			name = "ZappAnalyticsPluginExample-iOS";
			productName = "ZappAnalyticsPluginExample-iOS";
			productReference = 3B0040FF211B81DB0071C859 /* ZappAnalyticsPluginExample-iOS.app */;
			productType = "com.apple.product-type.application";
		};
/* End PBXNativeTarget section */

/* Begin PBXProject section */
		3B0040F7211B81DB0071C859 /* Project object */ = {
			isa = PBXProject;
			attributes = {
				LastSwiftUpdateCheck = 0940;
				LastUpgradeCheck = 0940;
				ORGANIZATIONNAME = "Javier Casaudoumecq";
				TargetAttributes = {
					3B0040FE211B81DB0071C859 = {
						CreatedOnToolsVersion = 9.4.1;
					};
				};
			};
			buildConfigurationList = 3B0040FA211B81DB0071C859 /* Build configuration list for PBXProject "ZappAnalyticsPluginExample-iOS" */;
			compatibilityVersion = "Xcode 9.3";
			developmentRegion = en;
			hasScannedForEncodings = 0;
			knownRegions = (
				en,
				Base,
			);
			mainGroup = 3B0040F6211B81DB0071C859;
			productRefGroup = 3B004100211B81DB0071C859 /* Products */;
			projectDirPath = "";
			projectRoot = "";
			targets = (
				3B0040FE211B81DB0071C859 /* ZappAnalyticsPluginExample-iOS */,
			);
		};
/* End PBXProject section */

/* Begin PBXResourcesBuildPhase section */
		3B0040FD211B81DB0071C859 /* Resources */ = {
			isa = PBXResourcesBuildPhase;
			buildActionMask = 2147483647;
			files = (
				3B00410D211B81DC0071C859 /* LaunchScreen.storyboard in Resources */,
				3B00410A211B81DC0071C859 /* Assets.xcassets in Resources */,
				3B004108211B81DB0071C859 /* Main.storyboard in Resources */,
			);
			runOnlyForDeploymentPostprocessing = 0;
		};
/* End PBXResourcesBuildPhase section */

/* Begin PBXShellScriptBuildPhase section */
		7A7F8FCCC71D5E04AD614B86 /* [CP] Embed Pods Frameworks */ = {
			isa = PBXShellScriptBuildPhase;
			buildActionMask = 2147483647;
			files = (
			);
			inputPaths = (
				"${SRCROOT}/Pods/Target Support Files/Pods-ZappAnalyticsPluginExample-iOS/Pods-ZappAnalyticsPluginExample-iOS-frameworks.sh",
				"${BUILT_PRODUCTS_DIR}/Alamofire/Alamofire.framework",
				"${PODS_ROOT}/ApplicasterSDK/ApplicasterSDK.framework",
				"${BUILT_PRODUCTS_DIR}/Bolts/Bolts.framework",
				"${BUILT_PRODUCTS_DIR}/CocoaLumberjack/CocoaLumberjack.framework",
				"${BUILT_PRODUCTS_DIR}/FBNotifications/FBNotifications.framework",
				"${BUILT_PRODUCTS_DIR}/FBSDKCoreKit/FBSDKCoreKit.framework",
				"${BUILT_PRODUCTS_DIR}/FBSDKLoginKit/FBSDKLoginKit.framework",
				"${BUILT_PRODUCTS_DIR}/FBSDKShareKit/FBSDKShareKit.framework",
				"${BUILT_PRODUCTS_DIR}/SSZipArchive/SSZipArchive.framework",
				"${BUILT_PRODUCTS_DIR}/TTTAttributedLabel/TTTAttributedLabel.framework",
				"${BUILT_PRODUCTS_DIR}/Toaster/Toaster.framework",
				"${PODS_ROOT}/TwitterCore/iOS/TwitterCore.framework",
				"${PODS_ROOT}/TwitterKit/iOS/TwitterKit.framework",
				"${PODS_ROOT}/ZappAnalyticsPluginsSDK/Frameworks/iOS/ZappAnalyticsPluginsSDK.framework",
				"${PODS_ROOT}/ZappGeneralPluginsSDK/ZappGeneralPluginsSDK.framework",
				"${PODS_ROOT}/ZappLoginPluginsSDK/ZappLoginPluginsSDK.framework",
				"${PODS_ROOT}/ZappPlugins/Frameworks/iOS/ZappPlugins.framework",
				"${PODS_ROOT}/ZappPushPluginsSDK/ZappPushPluginsSDK.framework",
			);
			name = "[CP] Embed Pods Frameworks";
			outputPaths = (
				"${TARGET_BUILD_DIR}/${FRAMEWORKS_FOLDER_PATH}/Alamofire.framework",
				"${TARGET_BUILD_DIR}/${FRAMEWORKS_FOLDER_PATH}/ApplicasterSDK.framework",
				"${TARGET_BUILD_DIR}/${FRAMEWORKS_FOLDER_PATH}/Bolts.framework",
				"${TARGET_BUILD_DIR}/${FRAMEWORKS_FOLDER_PATH}/CocoaLumberjack.framework",
				"${TARGET_BUILD_DIR}/${FRAMEWORKS_FOLDER_PATH}/FBNotifications.framework",
				"${TARGET_BUILD_DIR}/${FRAMEWORKS_FOLDER_PATH}/FBSDKCoreKit.framework",
				"${TARGET_BUILD_DIR}/${FRAMEWORKS_FOLDER_PATH}/FBSDKLoginKit.framework",
				"${TARGET_BUILD_DIR}/${FRAMEWORKS_FOLDER_PATH}/FBSDKShareKit.framework",
				"${TARGET_BUILD_DIR}/${FRAMEWORKS_FOLDER_PATH}/SSZipArchive.framework",
				"${TARGET_BUILD_DIR}/${FRAMEWORKS_FOLDER_PATH}/TTTAttributedLabel.framework",
				"${TARGET_BUILD_DIR}/${FRAMEWORKS_FOLDER_PATH}/Toaster.framework",
				"${TARGET_BUILD_DIR}/${FRAMEWORKS_FOLDER_PATH}/TwitterCore.framework",
				"${TARGET_BUILD_DIR}/${FRAMEWORKS_FOLDER_PATH}/TwitterKit.framework",
				"${TARGET_BUILD_DIR}/${FRAMEWORKS_FOLDER_PATH}/ZappAnalyticsPluginsSDK.framework",
				"${TARGET_BUILD_DIR}/${FRAMEWORKS_FOLDER_PATH}/ZappGeneralPluginsSDK.framework",
				"${TARGET_BUILD_DIR}/${FRAMEWORKS_FOLDER_PATH}/ZappLoginPluginsSDK.framework",
				"${TARGET_BUILD_DIR}/${FRAMEWORKS_FOLDER_PATH}/ZappPlugins.framework",
				"${TARGET_BUILD_DIR}/${FRAMEWORKS_FOLDER_PATH}/ZappPushPluginsSDK.framework",
			);
			runOnlyForDeploymentPostprocessing = 0;
			shellPath = /bin/sh;
			shellScript = "\"${SRCROOT}/Pods/Target Support Files/Pods-ZappAnalyticsPluginExample-iOS/Pods-ZappAnalyticsPluginExample-iOS-frameworks.sh\"\n";
			showEnvVarsInLog = 0;
		};
		8318EDD72A50028633F53F62 /* [CP] Check Pods Manifest.lock */ = {
			isa = PBXShellScriptBuildPhase;
			buildActionMask = 2147483647;
			files = (
			);
			inputPaths = (
				"${PODS_PODFILE_DIR_PATH}/Podfile.lock",
				"${PODS_ROOT}/Manifest.lock",
			);
			name = "[CP] Check Pods Manifest.lock";
			outputPaths = (
				"$(DERIVED_FILE_DIR)/Pods-ZappAnalyticsPluginExample-iOS-checkManifestLockResult.txt",
			);
			runOnlyForDeploymentPostprocessing = 0;
			shellPath = /bin/sh;
			shellScript = "diff \"${PODS_PODFILE_DIR_PATH}/Podfile.lock\" \"${PODS_ROOT}/Manifest.lock\" > /dev/null\nif [ $? != 0 ] ; then\n    # print error to STDERR\n    echo \"error: The sandbox is not in sync with the Podfile.lock. Run 'pod install' or update your CocoaPods installation.\" >&2\n    exit 1\nfi\n# This output is used by Xcode 'outputs' to avoid re-running this script phase.\necho \"SUCCESS\" > \"${SCRIPT_OUTPUT_FILE_0}\"\n";
			showEnvVarsInLog = 0;
		};
		C03B817F85E742078F217D35 /* [CP] Copy Pods Resources */ = {
			isa = PBXShellScriptBuildPhase;
			buildActionMask = 2147483647;
			files = (
			);
			inputFileListPaths = (
			);
			inputPaths = (
				"${SRCROOT}/Pods/Target Support Files/Pods-ZappAnalyticsPluginExample-iOS/Pods-ZappAnalyticsPluginExample-iOS-resources.sh",
				"${PODS_ROOT}/TwitterKit/iOS/TwitterKit.framework/TwitterKitResources.bundle",
				"${PODS_ROOT}/TwitterKit/iOS/TwitterKit.framework/TwitterShareExtensionUIResources.bundle",
			);
			name = "[CP] Copy Pods Resources";
			outputFileListPaths = (
			);
			outputPaths = (
				"${TARGET_BUILD_DIR}/${UNLOCALIZED_RESOURCES_FOLDER_PATH}/TwitterKitResources.bundle",
				"${TARGET_BUILD_DIR}/${UNLOCALIZED_RESOURCES_FOLDER_PATH}/TwitterShareExtensionUIResources.bundle",
			);
			runOnlyForDeploymentPostprocessing = 0;
			shellPath = /bin/sh;
			shellScript = "\"${SRCROOT}/Pods/Target Support Files/Pods-ZappAnalyticsPluginExample-iOS/Pods-ZappAnalyticsPluginExample-iOS-resources.sh\"\n";
			showEnvVarsInLog = 0;
		};
/* End PBXShellScriptBuildPhase section */

/* Begin PBXSourcesBuildPhase section */
		3B0040FB211B81DB0071C859 /* Sources */ = {
			isa = PBXSourcesBuildPhase;
			buildActionMask = 2147483647;
			files = (
				3B004117211BD6720071C859 /* TestAnalyticsProvider.swift in Sources */,
				3B004105211B81DB0071C859 /* ViewController.swift in Sources */,
				3B004103211B81DB0071C859 /* AppDelegate.swift in Sources */,
			);
			runOnlyForDeploymentPostprocessing = 0;
		};
/* End PBXSourcesBuildPhase section */

/* Begin PBXVariantGroup section */
		3B004106211B81DB0071C859 /* Main.storyboard */ = {
			isa = PBXVariantGroup;
			children = (
				3B004107211B81DB0071C859 /* Base */,
			);
			name = Main.storyboard;
			sourceTree = "<group>";
		};
		3B00410B211B81DC0071C859 /* LaunchScreen.storyboard */ = {
			isa = PBXVariantGroup;
			children = (
				3B00410C211B81DC0071C859 /* Base */,
			);
			name = LaunchScreen.storyboard;
			sourceTree = "<group>";
		};
/* End PBXVariantGroup section */

/* Begin XCBuildConfiguration section */
		3B00410F211B81DC0071C859 /* Debug */ = {
			isa = XCBuildConfiguration;
			buildSettings = {
				ALWAYS_SEARCH_USER_PATHS = NO;
				CLANG_ANALYZER_NONNULL = YES;
				CLANG_ANALYZER_NUMBER_OBJECT_CONVERSION = YES_AGGRESSIVE;
				CLANG_CXX_LANGUAGE_STANDARD = "gnu++14";
				CLANG_CXX_LIBRARY = "libc++";
				CLANG_ENABLE_MODULES = YES;
				CLANG_ENABLE_OBJC_ARC = YES;
				CLANG_ENABLE_OBJC_WEAK = YES;
				CLANG_WARN_BLOCK_CAPTURE_AUTORELEASING = YES;
				CLANG_WARN_BOOL_CONVERSION = YES;
				CLANG_WARN_COMMA = YES;
				CLANG_WARN_CONSTANT_CONVERSION = YES;
				CLANG_WARN_DEPRECATED_OBJC_IMPLEMENTATIONS = YES;
				CLANG_WARN_DIRECT_OBJC_ISA_USAGE = YES_ERROR;
				CLANG_WARN_DOCUMENTATION_COMMENTS = YES;
				CLANG_WARN_EMPTY_BODY = YES;
				CLANG_WARN_ENUM_CONVERSION = YES;
				CLANG_WARN_INFINITE_RECURSION = YES;
				CLANG_WARN_INT_CONVERSION = YES;
				CLANG_WARN_NON_LITERAL_NULL_CONVERSION = YES;
				CLANG_WARN_OBJC_IMPLICIT_RETAIN_SELF = YES;
				CLANG_WARN_OBJC_LITERAL_CONVERSION = YES;
				CLANG_WARN_OBJC_ROOT_CLASS = YES_ERROR;
				CLANG_WARN_RANGE_LOOP_ANALYSIS = YES;
				CLANG_WARN_STRICT_PROTOTYPES = YES;
				CLANG_WARN_SUSPICIOUS_MOVE = YES;
				CLANG_WARN_UNGUARDED_AVAILABILITY = YES_AGGRESSIVE;
				CLANG_WARN_UNREACHABLE_CODE = YES;
				CLANG_WARN__DUPLICATE_METHOD_MATCH = YES;
				CODE_SIGN_IDENTITY = "iPhone Developer";
				COPY_PHASE_STRIP = NO;
				DEBUG_INFORMATION_FORMAT = dwarf;
				ENABLE_STRICT_OBJC_MSGSEND = YES;
				ENABLE_TESTABILITY = YES;
				GCC_C_LANGUAGE_STANDARD = gnu11;
				GCC_DYNAMIC_NO_PIC = NO;
				GCC_NO_COMMON_BLOCKS = YES;
				GCC_OPTIMIZATION_LEVEL = 0;
				GCC_PREPROCESSOR_DEFINITIONS = (
					"DEBUG=1",
					"$(inherited)",
				);
				GCC_WARN_64_TO_32_BIT_CONVERSION = YES;
				GCC_WARN_ABOUT_RETURN_TYPE = YES_ERROR;
				GCC_WARN_UNDECLARED_SELECTOR = YES;
				GCC_WARN_UNINITIALIZED_AUTOS = YES_AGGRESSIVE;
				GCC_WARN_UNUSED_FUNCTION = YES;
				GCC_WARN_UNUSED_VARIABLE = YES;
				IPHONEOS_DEPLOYMENT_TARGET = 11.4;
				MTL_ENABLE_DEBUG_INFO = YES;
				ONLY_ACTIVE_ARCH = YES;
				SDKROOT = iphoneos;
				SWIFT_ACTIVE_COMPILATION_CONDITIONS = DEBUG;
				SWIFT_OPTIMIZATION_LEVEL = "-Onone";
			};
			name = Debug;
		};
		3B004110211B81DC0071C859 /* Release */ = {
			isa = XCBuildConfiguration;
			buildSettings = {
				ALWAYS_SEARCH_USER_PATHS = NO;
				CLANG_ANALYZER_NONNULL = YES;
				CLANG_ANALYZER_NUMBER_OBJECT_CONVERSION = YES_AGGRESSIVE;
				CLANG_CXX_LANGUAGE_STANDARD = "gnu++14";
				CLANG_CXX_LIBRARY = "libc++";
				CLANG_ENABLE_MODULES = YES;
				CLANG_ENABLE_OBJC_ARC = YES;
				CLANG_ENABLE_OBJC_WEAK = YES;
				CLANG_WARN_BLOCK_CAPTURE_AUTORELEASING = YES;
				CLANG_WARN_BOOL_CONVERSION = YES;
				CLANG_WARN_COMMA = YES;
				CLANG_WARN_CONSTANT_CONVERSION = YES;
				CLANG_WARN_DEPRECATED_OBJC_IMPLEMENTATIONS = YES;
				CLANG_WARN_DIRECT_OBJC_ISA_USAGE = YES_ERROR;
				CLANG_WARN_DOCUMENTATION_COMMENTS = YES;
				CLANG_WARN_EMPTY_BODY = YES;
				CLANG_WARN_ENUM_CONVERSION = YES;
				CLANG_WARN_INFINITE_RECURSION = YES;
				CLANG_WARN_INT_CONVERSION = YES;
				CLANG_WARN_NON_LITERAL_NULL_CONVERSION = YES;
				CLANG_WARN_OBJC_IMPLICIT_RETAIN_SELF = YES;
				CLANG_WARN_OBJC_LITERAL_CONVERSION = YES;
				CLANG_WARN_OBJC_ROOT_CLASS = YES_ERROR;
				CLANG_WARN_RANGE_LOOP_ANALYSIS = YES;
				CLANG_WARN_STRICT_PROTOTYPES = YES;
				CLANG_WARN_SUSPICIOUS_MOVE = YES;
				CLANG_WARN_UNGUARDED_AVAILABILITY = YES_AGGRESSIVE;
				CLANG_WARN_UNREACHABLE_CODE = YES;
				CLANG_WARN__DUPLICATE_METHOD_MATCH = YES;
				CODE_SIGN_IDENTITY = "iPhone Developer";
				COPY_PHASE_STRIP = NO;
				DEBUG_INFORMATION_FORMAT = "dwarf-with-dsym";
				ENABLE_NS_ASSERTIONS = NO;
				ENABLE_STRICT_OBJC_MSGSEND = YES;
				GCC_C_LANGUAGE_STANDARD = gnu11;
				GCC_NO_COMMON_BLOCKS = YES;
				GCC_WARN_64_TO_32_BIT_CONVERSION = YES;
				GCC_WARN_ABOUT_RETURN_TYPE = YES_ERROR;
				GCC_WARN_UNDECLARED_SELECTOR = YES;
				GCC_WARN_UNINITIALIZED_AUTOS = YES_AGGRESSIVE;
				GCC_WARN_UNUSED_FUNCTION = YES;
				GCC_WARN_UNUSED_VARIABLE = YES;
				IPHONEOS_DEPLOYMENT_TARGET = 11.4;
				MTL_ENABLE_DEBUG_INFO = NO;
				SDKROOT = iphoneos;
				SWIFT_COMPILATION_MODE = wholemodule;
				SWIFT_OPTIMIZATION_LEVEL = "-O";
				VALIDATE_PRODUCT = YES;
			};
			name = Release;
		};
		3B004112211B81DC0071C859 /* Debug */ = {
			isa = XCBuildConfiguration;
			baseConfigurationReference = E6FA73731C29202689C02A43 /* Pods-ZappAnalyticsPluginExample-iOS.debug.xcconfig */;
			buildSettings = {
				ASSETCATALOG_COMPILER_APPICON_NAME = AppIcon;
				CODE_SIGN_STYLE = Automatic;
				DEVELOPMENT_TEAM = 49M4HHM3X6;
				INFOPLIST_FILE = "ZappAnalyticsPluginExample-iOS/Info.plist";
				LD_RUNPATH_SEARCH_PATHS = (
					"$(inherited)",
					"@executable_path/Frameworks",
				);
				PRODUCT_BUNDLE_IDENTIFIER = "com.applicaster.ZappAnalyticsPluginExample-iOS";
				PRODUCT_NAME = "$(TARGET_NAME)";
				SWIFT_OBJC_BRIDGING_HEADER = "ZappAnalyticsPluginExample-iOS/ZappAnalyticsPluginExample-iOS-Bridging-Header.h";
				TARGETED_DEVICE_FAMILY = "1,2";
			};
			name = Debug;
		};
		3B004113211B81DC0071C859 /* Release */ = {
			isa = XCBuildConfiguration;
			baseConfigurationReference = 21EBB405B22B3C74D2A9F4B3 /* Pods-ZappAnalyticsPluginExample-iOS.release.xcconfig */;
			buildSettings = {
				ASSETCATALOG_COMPILER_APPICON_NAME = AppIcon;
				CODE_SIGN_STYLE = Automatic;
				DEVELOPMENT_TEAM = 49M4HHM3X6;
				INFOPLIST_FILE = "ZappAnalyticsPluginExample-iOS/Info.plist";
				LD_RUNPATH_SEARCH_PATHS = (
					"$(inherited)",
					"@executable_path/Frameworks",
				);
				PRODUCT_BUNDLE_IDENTIFIER = "com.applicaster.ZappAnalyticsPluginExample-iOS";
				PRODUCT_NAME = "$(TARGET_NAME)";
				SWIFT_OBJC_BRIDGING_HEADER = "ZappAnalyticsPluginExample-iOS/ZappAnalyticsPluginExample-iOS-Bridging-Header.h";
				TARGETED_DEVICE_FAMILY = "1,2";
			};
			name = Release;
		};
/* End XCBuildConfiguration section */

/* Begin XCConfigurationList section */
		3B0040FA211B81DB0071C859 /* Build configuration list for PBXProject "ZappAnalyticsPluginExample-iOS" */ = {
			isa = XCConfigurationList;
			buildConfigurations = (
				3B00410F211B81DC0071C859 /* Debug */,
				3B004110211B81DC0071C859 /* Release */,
			);
			defaultConfigurationIsVisible = 0;
			defaultConfigurationName = Release;
		};
		3B004111211B81DC0071C859 /* Build configuration list for PBXNativeTarget "ZappAnalyticsPluginExample-iOS" */ = {
			isa = XCConfigurationList;
			buildConfigurations = (
				3B004112211B81DC0071C859 /* Debug */,
				3B004113211B81DC0071C859 /* Release */,
			);
			defaultConfigurationIsVisible = 0;
			defaultConfigurationName = Release;
		};
/* End XCConfigurationList section */
	};
	rootObject = 3B0040F7211B81DB0071C859 /* Project object */;
}
