// !$*UTF8*$!
{
	archiveVersion = 1;
	classes = {
	};
	objectVersion = 51;
	objects = {

/* Begin PBXBuildFile section */
		6A656DDD215D2CBE007FD442 /* AdViewProtocolController.swift in Sources */ = {isa = PBXBuildFile; fileRef = 6A656DDC215D2CBE007FD442 /* AdViewProtocolController.swift */; };
		6A72AE1B215BE7DD001ED885 /* AppDelegate.swift in Sources */ = {isa = PBXBuildFile; fileRef = 6A72AE1A215BE7DD001ED885 /* AppDelegate.swift */; };
		6A72AE1D215BE7DD001ED885 /* ViewController.swift in Sources */ = {isa = PBXBuildFile; fileRef = 6A72AE1C215BE7DD001ED885 /* ViewController.swift */; };
		6A72AE20215BE7DD001ED885 /* Main.storyboard in Resources */ = {isa = PBXBuildFile; fileRef = 6A72AE1E215BE7DD001ED885 /* Main.storyboard */; };
		6A72AE22215BE7DF001ED885 /* Assets.xcassets in Resources */ = {isa = PBXBuildFile; fileRef = 6A72AE21215BE7DF001ED885 /* Assets.xcassets */; };
		6A72AE25215BE7DF001ED885 /* LaunchScreen.storyboard in Resources */ = {isa = PBXBuildFile; fileRef = 6A72AE23215BE7DF001ED885 /* LaunchScreen.storyboard */; };
		7FA7C29D2937946B5EF1F6A9 /* Pods_ZappAdvertisementPluginExample_iOS.framework in Frameworks */ = {isa = PBXBuildFile; fileRef = 4C4F7FA7C5495642C88C6149 /* Pods_ZappAdvertisementPluginExample_iOS.framework */; };
/* End PBXBuildFile section */

/* Begin PBXFileReference section */
		20D4E1981E6477457CA93A36 /* Pods-ZappAdvertisementPluginExample-iOS.debug.xcconfig */ = {isa = PBXFileReference; includeInIndex = 1; lastKnownFileType = text.xcconfig; name = "Pods-ZappAdvertisementPluginExample-iOS.debug.xcconfig"; path = "Pods/Target Support Files/Pods-ZappAdvertisementPluginExample-iOS/Pods-ZappAdvertisementPluginExample-iOS.debug.xcconfig"; sourceTree = "<group>"; };
		4C4F7FA7C5495642C88C6149 /* Pods_ZappAdvertisementPluginExample_iOS.framework */ = {isa = PBXFileReference; explicitFileType = wrapper.framework; includeInIndex = 0; path = Pods_ZappAdvertisementPluginExample_iOS.framework; sourceTree = BUILT_PRODUCTS_DIR; };
		6A656DDC215D2CBE007FD442 /* AdViewProtocolController.swift */ = {isa = PBXFileReference; lastKnownFileType = sourcecode.swift; path = AdViewProtocolController.swift; sourceTree = "<group>"; };
		6A72AE17215BE7DD001ED885 /* ZappAdvertisementPluginExample-iOS.app */ = {isa = PBXFileReference; explicitFileType = wrapper.application; includeInIndex = 0; path = "ZappAdvertisementPluginExample-iOS.app"; sourceTree = BUILT_PRODUCTS_DIR; };
		6A72AE1A215BE7DD001ED885 /* AppDelegate.swift */ = {isa = PBXFileReference; lastKnownFileType = sourcecode.swift; path = AppDelegate.swift; sourceTree = "<group>"; };
		6A72AE1C215BE7DD001ED885 /* ViewController.swift */ = {isa = PBXFileReference; lastKnownFileType = sourcecode.swift; path = ViewController.swift; sourceTree = "<group>"; };
		6A72AE1F215BE7DD001ED885 /* Base */ = {isa = PBXFileReference; lastKnownFileType = file.storyboard; name = Base; path = Base.lproj/Main.storyboard; sourceTree = "<group>"; };
		6A72AE21215BE7DF001ED885 /* Assets.xcassets */ = {isa = PBXFileReference; lastKnownFileType = folder.assetcatalog; path = Assets.xcassets; sourceTree = "<group>"; };
		6A72AE24215BE7DF001ED885 /* Base */ = {isa = PBXFileReference; lastKnownFileType = file.storyboard; name = Base; path = Base.lproj/LaunchScreen.storyboard; sourceTree = "<group>"; };
		6A72AE26215BE7DF001ED885 /* Info.plist */ = {isa = PBXFileReference; lastKnownFileType = text.plist.xml; path = Info.plist; sourceTree = "<group>"; };
		D22AE1E5E6EC05D4F297A17A /* Pods-ZappAdvertisementPluginExample-iOS.release.xcconfig */ = {isa = PBXFileReference; includeInIndex = 1; lastKnownFileType = text.xcconfig; name = "Pods-ZappAdvertisementPluginExample-iOS.release.xcconfig"; path = "Pods/Target Support Files/Pods-ZappAdvertisementPluginExample-iOS/Pods-ZappAdvertisementPluginExample-iOS.release.xcconfig"; sourceTree = "<group>"; };
/* End PBXFileReference section */

/* Begin PBXFrameworksBuildPhase section */
		6A72AE14215BE7DD001ED885 /* Frameworks */ = {
			isa = PBXFrameworksBuildPhase;
			buildActionMask = 2147483647;
			files = (
				7FA7C29D2937946B5EF1F6A9 /* Pods_ZappAdvertisementPluginExample_iOS.framework in Frameworks */,
			);
			runOnlyForDeploymentPostprocessing = 0;
		};
/* End PBXFrameworksBuildPhase section */

/* Begin PBXGroup section */
		6A72AE0E215BE7DD001ED885 = {
			isa = PBXGroup;
			children = (
				6A72AE19215BE7DD001ED885 /* ZappAdvertisementPluginExample-iOS */,
				6A72AE18215BE7DD001ED885 /* Products */,
				E7AFC9D2B068DFF15883C60C /* Pods */,
				CEE8B552EDB870C62B1B70CC /* Frameworks */,
			);
			sourceTree = "<group>";
		};
		6A72AE18215BE7DD001ED885 /* Products */ = {
			isa = PBXGroup;
			children = (
				6A72AE17215BE7DD001ED885 /* ZappAdvertisementPluginExample-iOS.app */,
			);
			name = Products;
			sourceTree = "<group>";
		};
		6A72AE19215BE7DD001ED885 /* ZappAdvertisementPluginExample-iOS */ = {
			isa = PBXGroup;
			children = (
				6A72AE1A215BE7DD001ED885 /* AppDelegate.swift */,
				6A72AE1C215BE7DD001ED885 /* ViewController.swift */,
				6A656DDC215D2CBE007FD442 /* AdViewProtocolController.swift */,
				6A72AE1E215BE7DD001ED885 /* Main.storyboard */,
				6A72AE21215BE7DF001ED885 /* Assets.xcassets */,
				6A72AE23215BE7DF001ED885 /* LaunchScreen.storyboard */,
				6A72AE26215BE7DF001ED885 /* Info.plist */,
			);
			path = "ZappAdvertisementPluginExample-iOS";
			sourceTree = "<group>";
		};
		CEE8B552EDB870C62B1B70CC /* Frameworks */ = {
			isa = PBXGroup;
			children = (
				4C4F7FA7C5495642C88C6149 /* Pods_ZappAdvertisementPluginExample_iOS.framework */,
			);
			name = Frameworks;
			sourceTree = "<group>";
		};
		E7AFC9D2B068DFF15883C60C /* Pods */ = {
			isa = PBXGroup;
			children = (
				20D4E1981E6477457CA93A36 /* Pods-ZappAdvertisementPluginExample-iOS.debug.xcconfig */,
				D22AE1E5E6EC05D4F297A17A /* Pods-ZappAdvertisementPluginExample-iOS.release.xcconfig */,
			);
			name = Pods;
			sourceTree = "<group>";
		};
/* End PBXGroup section */

/* Begin PBXNativeTarget section */
		6A72AE16215BE7DD001ED885 /* ZappAdvertisementPluginExample-iOS */ = {
			isa = PBXNativeTarget;
			buildConfigurationList = 6A72AE29215BE7DF001ED885 /* Build configuration list for PBXNativeTarget "ZappAdvertisementPluginExample-iOS" */;
			buildPhases = (
				61E2E9520981E56B159B134E /* [CP] Check Pods Manifest.lock */,
				6A72AE13215BE7DD001ED885 /* Sources */,
				6A72AE14215BE7DD001ED885 /* Frameworks */,
				6A72AE15215BE7DD001ED885 /* Resources */,
				9D0D7F848D1C66694DC0133D /* [CP] Embed Pods Frameworks */,
			);
			buildRules = (
			);
			dependencies = (
			);
			name = "ZappAdvertisementPluginExample-iOS";
			productName = "ZappAdvertisementPluginExample-iOS";
			productReference = 6A72AE17215BE7DD001ED885 /* ZappAdvertisementPluginExample-iOS.app */;
			productType = "com.apple.product-type.application";
		};
/* End PBXNativeTarget section */

/* Begin PBXProject section */
		6A72AE0F215BE7DD001ED885 /* Project object */ = {
			isa = PBXProject;
			attributes = {
				LastSwiftUpdateCheck = 0930;
				LastUpgradeCheck = 0930;
				ORGANIZATIONNAME = Applicaster;
				TargetAttributes = {
					6A72AE16215BE7DD001ED885 = {
						CreatedOnToolsVersion = 9.3;
					};
				};
			};
			buildConfigurationList = 6A72AE12215BE7DD001ED885 /* Build configuration list for PBXProject "ZappAdvertisementPluginExample-iOS" */;
			compatibilityVersion = "Xcode 9.3";
			developmentRegion = en;
			hasScannedForEncodings = 0;
			knownRegions = (
				en,
				Base,
			);
			mainGroup = 6A72AE0E215BE7DD001ED885;
			productRefGroup = 6A72AE18215BE7DD001ED885 /* Products */;
			projectDirPath = "";
			projectRoot = "";
			targets = (
				6A72AE16215BE7DD001ED885 /* ZappAdvertisementPluginExample-iOS */,
			);
		};
/* End PBXProject section */

/* Begin PBXResourcesBuildPhase section */
		6A72AE15215BE7DD001ED885 /* Resources */ = {
			isa = PBXResourcesBuildPhase;
			buildActionMask = 2147483647;
			files = (
				6A72AE25215BE7DF001ED885 /* LaunchScreen.storyboard in Resources */,
				6A72AE22215BE7DF001ED885 /* Assets.xcassets in Resources */,
				6A72AE20215BE7DD001ED885 /* Main.storyboard in Resources */,
			);
			runOnlyForDeploymentPostprocessing = 0;
		};
/* End PBXResourcesBuildPhase section */

/* Begin PBXShellScriptBuildPhase section */
		61E2E9520981E56B159B134E /* [CP] Check Pods Manifest.lock */ = {
			isa = PBXShellScriptBuildPhase;
			buildActionMask = 2147483647;
			files = (
			);
			inputPaths = (
				"${PODS_PODFILE_DIR_PATH}/Podfile.lock",
				"${PODS_ROOT}/Manifest.lock",
			);
			name = "[CP] Check Pods Manifest.lock";
			outputPaths = (
				"$(DERIVED_FILE_DIR)/Pods-ZappAdvertisementPluginExample-iOS-checkManifestLockResult.txt",
			);
			runOnlyForDeploymentPostprocessing = 0;
			shellPath = /bin/sh;
			shellScript = "diff \"${PODS_PODFILE_DIR_PATH}/Podfile.lock\" \"${PODS_ROOT}/Manifest.lock\" > /dev/null\nif [ $? != 0 ] ; then\n    # print error to STDERR\n    echo \"error: The sandbox is not in sync with the Podfile.lock. Run 'pod install' or update your CocoaPods installation.\" >&2\n    exit 1\nfi\n# This output is used by Xcode 'outputs' to avoid re-running this script phase.\necho \"SUCCESS\" > \"${SCRIPT_OUTPUT_FILE_0}\"\n";
			showEnvVarsInLog = 0;
		};
		9D0D7F848D1C66694DC0133D /* [CP] Embed Pods Frameworks */ = {
			isa = PBXShellScriptBuildPhase;
			buildActionMask = 2147483647;
			files = (
			);
			inputFileListPaths = (
				"${PODS_ROOT}/Target Support Files/Pods-ZappAdvertisementPluginExample-iOS/Pods-ZappAdvertisementPluginExample-iOS-frameworks-${CONFIGURATION}-input-files.xcfilelist",
			);
			name = "[CP] Embed Pods Frameworks";
			outputFileListPaths = (
				"${PODS_ROOT}/Target Support Files/Pods-ZappAdvertisementPluginExample-iOS/Pods-ZappAdvertisementPluginExample-iOS-frameworks-${CONFIGURATION}-output-files.xcfilelist",
			);
			runOnlyForDeploymentPostprocessing = 0;
			shellPath = /bin/sh;
			shellScript = "\"${PODS_ROOT}/Target Support Files/Pods-ZappAdvertisementPluginExample-iOS/Pods-ZappAdvertisementPluginExample-iOS-frameworks.sh\"\n";
			showEnvVarsInLog = 0;
		};
/* End PBXShellScriptBuildPhase section */

/* Begin PBXSourcesBuildPhase section */
		6A72AE13215BE7DD001ED885 /* Sources */ = {
			isa = PBXSourcesBuildPhase;
			buildActionMask = 2147483647;
			files = (
				6A72AE1D215BE7DD001ED885 /* ViewController.swift in Sources */,
				6A72AE1B215BE7DD001ED885 /* AppDelegate.swift in Sources */,
				6A656DDD215D2CBE007FD442 /* AdViewProtocolController.swift in Sources */,
			);
			runOnlyForDeploymentPostprocessing = 0;
		};
/* End PBXSourcesBuildPhase section */

/* Begin PBXVariantGroup section */
		6A72AE1E215BE7DD001ED885 /* Main.storyboard */ = {
			isa = PBXVariantGroup;
			children = (
				6A72AE1F215BE7DD001ED885 /* Base */,
			);
			name = Main.storyboard;
			sourceTree = "<group>";
		};
		6A72AE23215BE7DF001ED885 /* LaunchScreen.storyboard */ = {
			isa = PBXVariantGroup;
			children = (
				6A72AE24215BE7DF001ED885 /* Base */,
			);
			name = LaunchScreen.storyboard;
			sourceTree = "<group>";
		};
/* End PBXVariantGroup section */

/* Begin XCBuildConfiguration section */
		6A72AE27215BE7DF001ED885 /* Debug */ = {
			isa = XCBuildConfiguration;
			buildSettings = {
				ALWAYS_SEARCH_USER_PATHS = NO;
				CLANG_ANALYZER_NONNULL = YES;
				CLANG_ANALYZER_NUMBER_OBJECT_CONVERSION = YES_AGGRESSIVE;
				CLANG_CXX_LANGUAGE_STANDARD = "gnu++14";
				CLANG_CXX_LIBRARY = "libc++";
				CLANG_ENABLE_MODULES = YES;
				CLANG_ENABLE_OBJC_ARC = YES;
				CLANG_ENABLE_OBJC_WEAK = YES;
				CLANG_WARN_BLOCK_CAPTURE_AUTORELEASING = YES;
				CLANG_WARN_BOOL_CONVERSION = YES;
				CLANG_WARN_COMMA = YES;
				CLANG_WARN_CONSTANT_CONVERSION = YES;
				CLANG_WARN_DEPRECATED_OBJC_IMPLEMENTATIONS = YES;
				CLANG_WARN_DIRECT_OBJC_ISA_USAGE = YES_ERROR;
				CLANG_WARN_DOCUMENTATION_COMMENTS = YES;
				CLANG_WARN_EMPTY_BODY = YES;
				CLANG_WARN_ENUM_CONVERSION = YES;
				CLANG_WARN_INFINITE_RECURSION = YES;
				CLANG_WARN_INT_CONVERSION = YES;
				CLANG_WARN_NON_LITERAL_NULL_CONVERSION = YES;
				CLANG_WARN_OBJC_IMPLICIT_RETAIN_SELF = YES;
				CLANG_WARN_OBJC_LITERAL_CONVERSION = YES;
				CLANG_WARN_OBJC_ROOT_CLASS = YES_ERROR;
				CLANG_WARN_RANGE_LOOP_ANALYSIS = YES;
				CLANG_WARN_STRICT_PROTOTYPES = YES;
				CLANG_WARN_SUSPICIOUS_MOVE = YES;
				CLANG_WARN_UNGUARDED_AVAILABILITY = YES_AGGRESSIVE;
				CLANG_WARN_UNREACHABLE_CODE = YES;
				CLANG_WARN__DUPLICATE_METHOD_MATCH = YES;
				CODE_SIGN_IDENTITY = "iPhone Developer";
				COPY_PHASE_STRIP = NO;
				DEBUG_INFORMATION_FORMAT = dwarf;
				ENABLE_STRICT_OBJC_MSGSEND = YES;
				ENABLE_TESTABILITY = YES;
				GCC_C_LANGUAGE_STANDARD = gnu11;
				GCC_DYNAMIC_NO_PIC = NO;
				GCC_NO_COMMON_BLOCKS = YES;
				GCC_OPTIMIZATION_LEVEL = 0;
				GCC_PREPROCESSOR_DEFINITIONS = (
					"DEBUG=1",
					"$(inherited)",
				);
				GCC_WARN_64_TO_32_BIT_CONVERSION = YES;
				GCC_WARN_ABOUT_RETURN_TYPE = YES_ERROR;
				GCC_WARN_UNDECLARED_SELECTOR = YES;
				GCC_WARN_UNINITIALIZED_AUTOS = YES_AGGRESSIVE;
				GCC_WARN_UNUSED_FUNCTION = YES;
				GCC_WARN_UNUSED_VARIABLE = YES;
				IPHONEOS_DEPLOYMENT_TARGET = 11.3;
				MTL_ENABLE_DEBUG_INFO = YES;
				ONLY_ACTIVE_ARCH = YES;
				SDKROOT = iphoneos;
				SWIFT_ACTIVE_COMPILATION_CONDITIONS = DEBUG;
				SWIFT_OPTIMIZATION_LEVEL = "-Onone";
				SWIFT_VERSION = 4.0;
			};
			name = Debug;
		};
		6A72AE28215BE7DF001ED885 /* Release */ = {
			isa = XCBuildConfiguration;
			buildSettings = {
				ALWAYS_SEARCH_USER_PATHS = NO;
				CLANG_ANALYZER_NONNULL = YES;
				CLANG_ANALYZER_NUMBER_OBJECT_CONVERSION = YES_AGGRESSIVE;
				CLANG_CXX_LANGUAGE_STANDARD = "gnu++14";
				CLANG_CXX_LIBRARY = "libc++";
				CLANG_ENABLE_MODULES = YES;
				CLANG_ENABLE_OBJC_ARC = YES;
				CLANG_ENABLE_OBJC_WEAK = YES;
				CLANG_WARN_BLOCK_CAPTURE_AUTORELEASING = YES;
				CLANG_WARN_BOOL_CONVERSION = YES;
				CLANG_WARN_COMMA = YES;
				CLANG_WARN_CONSTANT_CONVERSION = YES;
				CLANG_WARN_DEPRECATED_OBJC_IMPLEMENTATIONS = YES;
				CLANG_WARN_DIRECT_OBJC_ISA_USAGE = YES_ERROR;
				CLANG_WARN_DOCUMENTATION_COMMENTS = YES;
				CLANG_WARN_EMPTY_BODY = YES;
				CLANG_WARN_ENUM_CONVERSION = YES;
				CLANG_WARN_INFINITE_RECURSION = YES;
				CLANG_WARN_INT_CONVERSION = YES;
				CLANG_WARN_NON_LITERAL_NULL_CONVERSION = YES;
				CLANG_WARN_OBJC_IMPLICIT_RETAIN_SELF = YES;
				CLANG_WARN_OBJC_LITERAL_CONVERSION = YES;
				CLANG_WARN_OBJC_ROOT_CLASS = YES_ERROR;
				CLANG_WARN_RANGE_LOOP_ANALYSIS = YES;
				CLANG_WARN_STRICT_PROTOTYPES = YES;
				CLANG_WARN_SUSPICIOUS_MOVE = YES;
				CLANG_WARN_UNGUARDED_AVAILABILITY = YES_AGGRESSIVE;
				CLANG_WARN_UNREACHABLE_CODE = YES;
				CLANG_WARN__DUPLICATE_METHOD_MATCH = YES;
				CODE_SIGN_IDENTITY = "iPhone Developer";
				COPY_PHASE_STRIP = NO;
				DEBUG_INFORMATION_FORMAT = "dwarf-with-dsym";
				ENABLE_NS_ASSERTIONS = NO;
				ENABLE_STRICT_OBJC_MSGSEND = YES;
				GCC_C_LANGUAGE_STANDARD = gnu11;
				GCC_NO_COMMON_BLOCKS = YES;
				GCC_WARN_64_TO_32_BIT_CONVERSION = YES;
				GCC_WARN_ABOUT_RETURN_TYPE = YES_ERROR;
				GCC_WARN_UNDECLARED_SELECTOR = YES;
				GCC_WARN_UNINITIALIZED_AUTOS = YES_AGGRESSIVE;
				GCC_WARN_UNUSED_FUNCTION = YES;
				GCC_WARN_UNUSED_VARIABLE = YES;
				IPHONEOS_DEPLOYMENT_TARGET = 11.3;
				MTL_ENABLE_DEBUG_INFO = NO;
				SDKROOT = iphoneos;
				SWIFT_COMPILATION_MODE = wholemodule;
				SWIFT_OPTIMIZATION_LEVEL = "-O";
				SWIFT_VERSION = 4.0;
				VALIDATE_PRODUCT = YES;
			};
			name = Release;
		};
		6A72AE2A215BE7DF001ED885 /* Debug */ = {
			isa = XCBuildConfiguration;
			baseConfigurationReference = 20D4E1981E6477457CA93A36 /* Pods-ZappAdvertisementPluginExample-iOS.debug.xcconfig */;
			buildSettings = {
				ASSETCATALOG_COMPILER_APPICON_NAME = AppIcon;
				CODE_SIGN_STYLE = Automatic;
				INFOPLIST_FILE = "ZappAdvertisementPluginExample-iOS/Info.plist";
				IPHONEOS_DEPLOYMENT_TARGET = 10.0;
				LD_RUNPATH_SEARCH_PATHS = (
					"$(inherited)",
					"@executable_path/Frameworks",
				);
				PRODUCT_BUNDLE_IDENTIFIER = "com.applicaster.ZappAdvertisementPluginExample-iOS";
				PRODUCT_NAME = "$(TARGET_NAME)";
				TARGETED_DEVICE_FAMILY = "1,2";
			};
			name = Debug;
		};
		6A72AE2B215BE7DF001ED885 /* Release */ = {
			isa = XCBuildConfiguration;
			baseConfigurationReference = D22AE1E5E6EC05D4F297A17A /* Pods-ZappAdvertisementPluginExample-iOS.release.xcconfig */;
			buildSettings = {
				ASSETCATALOG_COMPILER_APPICON_NAME = AppIcon;
				CODE_SIGN_STYLE = Automatic;
				INFOPLIST_FILE = "ZappAdvertisementPluginExample-iOS/Info.plist";
				IPHONEOS_DEPLOYMENT_TARGET = 10.0;
				LD_RUNPATH_SEARCH_PATHS = (
					"$(inherited)",
					"@executable_path/Frameworks",
				);
				PRODUCT_BUNDLE_IDENTIFIER = "com.applicaster.ZappAdvertisementPluginExample-iOS";
				PRODUCT_NAME = "$(TARGET_NAME)";
				TARGETED_DEVICE_FAMILY = "1,2";
			};
			name = Release;
		};
/* End XCBuildConfiguration section */

/* Begin XCConfigurationList section */
		6A72AE12215BE7DD001ED885 /* Build configuration list for PBXProject "ZappAdvertisementPluginExample-iOS" */ = {
			isa = XCConfigurationList;
			buildConfigurations = (
				6A72AE27215BE7DF001ED885 /* Debug */,
				6A72AE28215BE7DF001ED885 /* Release */,
			);
			defaultConfigurationIsVisible = 0;
			defaultConfigurationName = Release;
		};
		6A72AE29215BE7DF001ED885 /* Build configuration list for PBXNativeTarget "ZappAdvertisementPluginExample-iOS" */ = {
			isa = XCConfigurationList;
			buildConfigurations = (
				6A72AE2A215BE7DF001ED885 /* Debug */,
				6A72AE2B215BE7DF001ED885 /* Release */,
			);
			defaultConfigurationIsVisible = 0;
			defaultConfigurationName = Release;
		};
/* End XCConfigurationList section */
	};
	rootObject = 6A72AE0F215BE7DD001ED885 /* Project object */;
}
